# This file is automatically @generated by Cargo.
# It is not intended for manual editing.
version = 4

[[package]]
name = "jolt_fmt_cli"
version = "0.0.0"

[[package]]
name = "jolt_fmt_core"
version = "0.0.0"

[[package]]
name = "jolt_fmt_dprint"
version = "0.0.0"

[[package]]
name = "jolt_fmt_ir"
version = "0.0.0"

[[package]]
name = "jolt_java_fmt"
version = "0.0.0"

[[package]]
name = "jolt_java_syntax"
version = "0.0.0"

[[package]]
name = "jolt_kotlin_fmt"
version = "0.0.0"

[[package]]
name = "jolt_kotlin_syntax"
version = "0.0.0"

[[package]]
name = "jolt_syntax"
version = "0.0.0"

[[package]]
name = "jolt_text"
version = "0.0.0"
