# @generated - this file is auto-generated by `mise lock` https://mise.en.dev/dev-tools/mise-lock.html

[[tools."aqua:WebAssembly/binaryen"]]
version = "130"
backend = "aqua:WebAssembly/binaryen"

[tools."aqua:WebAssembly/binaryen"."platforms.linux-x64"]
checksum = "sha256:0a18362361ad05465118cd8eeb72edaeec89de6894bc283576ef4e07aa3babcc"
url = "https://github.com/WebAssembly/binaryen/releases/download/version_130/binaryen-version_130-x86_64-linux.tar.gz"
url_api = "https://api.github.com/repos/WebAssembly/binaryen/releases/assets/435610959"

[tools."aqua:WebAssembly/binaryen"."platforms.linux-x64-musl"]
checksum = "sha256:0a18362361ad05465118cd8eeb72edaeec89de6894bc283576ef4e07aa3babcc"
url = "https://github.com/WebAssembly/binaryen/releases/download/version_130/binaryen-version_130-x86_64-linux.tar.gz"
url_api = "https://api.github.com/repos/WebAssembly/binaryen/releases/assets/435610959"

[tools."aqua:WebAssembly/binaryen"."platforms.macos-arm64"]
checksum = "sha256:79d3ab9f417d9e215f15f598f523d001a7d9ac1e59367e5c869fbdabd1cba72e"
url = "https://github.com/WebAssembly/binaryen/releases/download/version_130/binaryen-version_130-arm64-macos.tar.gz"
url_api = "https://api.github.com/repos/WebAssembly/binaryen/releases/assets/435599321"

[tools."aqua:WebAssembly/binaryen"."platforms.macos-x64"]
checksum = "sha256:d3e2d1235b70c93c54b52eabc1625ea960965152218754f1f4eeb0f873c48e03"
url = "https://github.com/WebAssembly/binaryen/releases/download/version_130/binaryen-version_130-x86_64-macos.tar.gz"
url_api = "https://api.github.com/repos/WebAssembly/binaryen/releases/assets/435599323"

[tools."aqua:WebAssembly/binaryen"."platforms.windows-x64"]
checksum = "sha256:cc09c874f4332d00aa32ab72745a9b98c9a172f795762f21d03e70638a3f7f4c"
url = "https://github.com/WebAssembly/binaryen/releases/download/version_130/binaryen-version_130-x86_64-windows.tar.gz"
url_api = "https://api.github.com/repos/WebAssembly/binaryen/releases/assets/435606820"

[[tools."aqua:dprint/dprint"]]
version = "0.54.0"
backend = "aqua:dprint/dprint"

[tools."aqua:dprint/dprint"."platforms.linux-arm64"]
checksum = "sha256:9a66b5931ca30402a3dd2933c432c6b6316eedd08037ab0aeb8d24cd17b2a301"
url = "https://github.com/dprint/dprint/releases/download/0.54.0/dprint-aarch64-unknown-linux-musl.zip"

[tools."aqua:dprint/dprint"."platforms.linux-arm64-musl"]
checksum = "sha256:9a66b5931ca30402a3dd2933c432c6b6316eedd08037ab0aeb8d24cd17b2a301"
url = "https://github.com/dprint/dprint/releases/download/0.54.0/dprint-aarch64-unknown-linux-musl.zip"

[tools."aqua:dprint/dprint"."platforms.linux-x64"]
checksum = "sha256:859ae94e596105201faa59a3fb4bedc8316e226e3e154ae410f9373461e1e41c"
url = "https://github.com/dprint/dprint/releases/download/0.54.0/dprint-x86_64-unknown-linux-musl.zip"

[tools."aqua:dprint/dprint"."platforms.linux-x64-musl"]
checksum = "sha256:859ae94e596105201faa59a3fb4bedc8316e226e3e154ae410f9373461e1e41c"
url = "https://github.com/dprint/dprint/releases/download/0.54.0/dprint-x86_64-unknown-linux-musl.zip"

[tools."aqua:dprint/dprint"."platforms.macos-arm64"]
checksum = "sha256:1d6a8fb14d66cba0f049738edd4ab3b1afc1de6d936cd32e483e33284cfd1ade"
url = "https://github.com/dprint/dprint/releases/download/0.54.0/dprint-aarch64-apple-darwin.zip"

[tools."aqua:dprint/dprint"."platforms.macos-x64"]
checksum = "sha256:fdbffa16cf0890ca30e958ffdabe7748e733867651a438ede1501f0e1a7b5e91"
url = "https://github.com/dprint/dprint/releases/download/0.54.0/dprint-x86_64-apple-darwin.zip"

[tools."aqua:dprint/dprint"."platforms.windows-x64"]
checksum = "sha256:3fd881acaf7fd4fbc5d07c3030ce79b965a4cb7128fe0eb1ebe725188ccd2715"
url = "https://github.com/dprint/dprint/releases/download/0.54.0/dprint-x86_64-pc-windows-msvc.zip"

[[tools."aqua:google/google-java-format"]]
version = "1.35.0"
backend = "aqua:google/google-java-format"

[tools."aqua:google/google-java-format"."platforms.linux-arm64"]
checksum = "sha256:a69b2e85deb681f3eae4c946b948908e162e76ef27d752fa31830866dd7aa764"
url = "https://github.com/google/google-java-format/releases/download/v1.35.0/google-java-format_linux-arm64"

[tools."aqua:google/google-java-format"."platforms.linux-arm64-musl"]
checksum = "sha256:a69b2e85deb681f3eae4c946b948908e162e76ef27d752fa31830866dd7aa764"
url = "https://github.com/google/google-java-format/releases/download/v1.35.0/google-java-format_linux-arm64"

[tools."aqua:google/google-java-format"."platforms.linux-x64"]
checksum = "sha256:e0f95ad6d26b8fbd5b1e3fd3014f8306c4eb3b29d2a6b15fab62d0a364629437"
url = "https://github.com/google/google-java-format/releases/download/v1.35.0/google-java-format_linux-x86-64"

[tools."aqua:google/google-java-format"."platforms.linux-x64-musl"]
checksum = "sha256:e0f95ad6d26b8fbd5b1e3fd3014f8306c4eb3b29d2a6b15fab62d0a364629437"
url = "https://github.com/google/google-java-format/releases/download/v1.35.0/google-java-format_linux-x86-64"

[tools."aqua:google/google-java-format"."platforms.macos-arm64"]
checksum = "sha256:563f066c324687885b5f4039325f8952fbb9aaf3d67c68e0b2eafccc8069d3b8"
url = "https://github.com/google/google-java-format/releases/download/v1.35.0/google-java-format_darwin-arm64"

[tools."aqua:google/google-java-format"."platforms.windows-x64"]
checksum = "sha256:2451e70f7805ce51dc026c0ca6b76b689b20c99c5e5769412ae5235f59f3a427"
url = "https://github.com/google/google-java-format/releases/download/v1.35.0/google-java-format_windows-x86-64.exe"

[[tools."aqua:jdx/hk"]]
version = "1.48.0"
backend = "aqua:jdx/hk"

[tools."aqua:jdx/hk"."platforms.linux-arm64"]
checksum = "sha256:d72463103d9682094e9b1fb2f20ef8824d1ec7a9b23f79163921bac7785fcd51"
url = "https://github.com/jdx/hk/releases/download/v1.48.0/hk-aarch64-unknown-linux-gnu.tar.gz"

[tools."aqua:jdx/hk"."platforms.linux-arm64-musl"]
checksum = "sha256:c6ba1ed78e6d205f442e013ffb20e815ff6498ae12aac0705fd3132a9a9b92a0"
url = "https://github.com/jdx/hk/releases/download/v1.48.0/hk-aarch64-unknown-linux-musl.tar.gz"

[tools."aqua:jdx/hk"."platforms.linux-x64"]
checksum = "sha256:6b7f9a28391a8b13b88208d723cbde7b945d095cbb03455c7dd5f8df551ed380"
url = "https://github.com/jdx/hk/releases/download/v1.48.0/hk-x86_64-unknown-linux-gnu.tar.gz"

[tools."aqua:jdx/hk"."platforms.linux-x64-musl"]
checksum = "sha256:bde5bcaab4035488520ab977f23bfe0b1b639152c6ed7200c9592724e2afe88d"
url = "https://github.com/jdx/hk/releases/download/v1.48.0/hk-x86_64-unknown-linux-musl.tar.gz"

[tools."aqua:jdx/hk"."platforms.macos-arm64"]
checksum = "sha256:e3985a14f41ba5eb849bf79502ad19201d0a582114a5ebe35a9afff16742024b"
url = "https://github.com/jdx/hk/releases/download/v1.48.0/hk-aarch64-apple-darwin.tar.gz"

[tools."aqua:jdx/hk"."platforms.windows-x64"]
checksum = "sha256:6349ab27cd7a9c07e68edc7c2af0859c8a540482e97a5b7306e9e88460a5ca43"
url = "https://github.com/jdx/hk/releases/download/v1.48.0/hk-x86_64-pc-windows-msvc.zip"

[[tools."aqua:pnpm/pnpm"]]
version = "11.9.0"
backend = "aqua:pnpm/pnpm"

[tools."aqua:pnpm/pnpm"."platforms.linux-arm64"]
checksum = "sha256:7981d0109fffdf8f15b838243240c8c9f9114dd4b7111d4227c1453522d75b61"
url = "https://github.com/pnpm/pnpm/releases/download/v11.9.0/pnpm-linux-arm64.tar.gz"
provenance = "github-attestations"

[tools."aqua:pnpm/pnpm"."platforms.linux-arm64-musl"]
checksum = "sha256:3622d3010d6af601190e7b63994fb0fe297e805699145aec949f4879f2672fb5"
url = "https://github.com/pnpm/pnpm/releases/download/v11.9.0/pnpm-linux-arm64-musl.tar.gz"
provenance = "github-attestations"

[tools."aqua:pnpm/pnpm"."platforms.linux-x64"]
checksum = "sha256:8d987d82585453bcf260ea5d0bae346d298f1a5e71bcde8d99976521408ad895"
url = "https://github.com/pnpm/pnpm/releases/download/v11.9.0/pnpm-linux-x64.tar.gz"
provenance = "github-attestations"

[tools."aqua:pnpm/pnpm"."platforms.linux-x64-musl"]
checksum = "sha256:655fcf2609e3145cfd7c2f05113429523706d0a618f2957eaa6c3562f6a5998b"
url = "https://github.com/pnpm/pnpm/releases/download/v11.9.0/pnpm-linux-x64-musl.tar.gz"
provenance = "github-attestations"

[tools."aqua:pnpm/pnpm"."platforms.macos-arm64"]
checksum = "sha256:ca6f98a8911ec975509464026205e2b54aed74cecd36c5ae9932e5997bd7de2a"
url = "https://github.com/pnpm/pnpm/releases/download/v11.9.0/pnpm-darwin-arm64.tar.gz"
provenance = "github-attestations"

[tools."aqua:pnpm/pnpm"."platforms.windows-x64"]
checksum = "sha256:82c130717a59f237c49e8eaa8a7ed75c1d8d351a5b6dedeee3196b8e1b597c6e"
url = "https://github.com/pnpm/pnpm/releases/download/v11.9.0/pnpm-win32-x64.zip"
provenance = "github-attestations"

[[tools."cargo:cargo-dist"]]
version = "0.32.0"
backend = "cargo:cargo-dist"

[[tools."cargo:cargo-machete"]]
version = "0.9.2"
backend = "cargo:cargo-machete"

[[tools."cargo:cargo-nextest"]]
version = "0.9.138"
backend = "cargo:cargo-nextest"

[[tools.google-java-format]]
version = "1.35.0"
backend = "aqua:google/google-java-format"

[tools.google-java-format."platforms.linux-arm64"]
checksum = "sha256:a69b2e85deb681f3eae4c946b948908e162e76ef27d752fa31830866dd7aa764"
url = "https://github.com/google/google-java-format/releases/download/v1.35.0/google-java-format_linux-arm64"

[tools.google-java-format."platforms.linux-arm64-musl"]
checksum = "sha256:a69b2e85deb681f3eae4c946b948908e162e76ef27d752fa31830866dd7aa764"
url = "https://github.com/google/google-java-format/releases/download/v1.35.0/google-java-format_linux-arm64"

[tools.google-java-format."platforms.linux-x64"]
checksum = "sha256:e0f95ad6d26b8fbd5b1e3fd3014f8306c4eb3b29d2a6b15fab62d0a364629437"
url = "https://github.com/google/google-java-format/releases/download/v1.35.0/google-java-format_linux-x86-64"

[tools.google-java-format."platforms.linux-x64-musl"]
checksum = "sha256:e0f95ad6d26b8fbd5b1e3fd3014f8306c4eb3b29d2a6b15fab62d0a364629437"
url = "https://github.com/google/google-java-format/releases/download/v1.35.0/google-java-format_linux-x86-64"

[tools.google-java-format."platforms.macos-arm64"]
checksum = "sha256:563f066c324687885b5f4039325f8952fbb9aaf3d67c68e0b2eafccc8069d3b8"
url = "https://github.com/google/google-java-format/releases/download/v1.35.0/google-java-format_darwin-arm64"

[tools.google-java-format."platforms.windows-x64"]
checksum = "sha256:2451e70f7805ce51dc026c0ca6b76b689b20c99c5e5769412ae5235f59f3a427"
url = "https://github.com/google/google-java-format/releases/download/v1.35.0/google-java-format_windows-x86-64.exe"

[[tools.java]]
version = "zulu-25.34.17.0"
backend = "core:java"

[tools.java."platforms.linux-arm64"]
checksum = "sha256:2610e5c64df94cee5fb591d70183c5bf8532d8e1d394c754e8ba06751bcceb1b"
url = "https://cdn.azul.com/zulu/bin/zulu25.34.17-ca-jdk25.0.3-linux_aarch64.tar.gz"

[tools.java."platforms.linux-arm64-musl"]
checksum = "sha256:a19b1c5cad474b6fe7309769da35786f2ca7059c32ce175eddb06148bce85872"
url = "https://cdn.azul.com/zulu/bin/zulu25.34.17-ca-jdk25.0.3-linux_musl_aarch64.tar.gz"

[tools.java."platforms.linux-x64"]
checksum = "sha256:3a93235f4e5b313232647916219e91dc5cca0b9835c9b52a404ba58c43571697"
url = "https://cdn.azul.com/zulu/bin/zulu25.34.17-ca-jdk25.0.3-linux_x64.tar.gz"

[tools.java."platforms.linux-x64-musl"]
checksum = "sha256:f0b9cf36db2742e1d8f350bd9884b2d32c6391dd3b2bc9cd10c3c4d4856931aa"
url = "https://cdn.azul.com/zulu/bin/zulu25.34.17-ca-jdk25.0.3-linux_musl_x64.tar.gz"

[tools.java."platforms.macos-arm64"]
checksum = "sha256:74847e7ac930ad143950607421dd6c0a7ccb3d1cbbd8b1665f24ab62b8b7de42"
url = "https://cdn.azul.com/zulu/bin/zulu25.34.17-ca-jdk25.0.3-macosx_aarch64.tar.gz"

[tools.java."platforms.macos-x64"]
checksum = "sha256:ecc005bf7b129c035379e0de9bebfd667be93098f5f1e329cd498c46769167ae"
url = "https://cdn.azul.com/zulu/bin/zulu25.34.17-ca-jdk25.0.3-macosx_x64.tar.gz"

[tools.java."platforms.windows-x64"]
checksum = "sha256:ddd68ee54e78b6b19388f517b8a61fbed2856ae3320febe42449bac3021e2729"
url = "https://cdn.azul.com/zulu/bin/zulu25.34.17-ca-jdk25.0.3-win_x64.zip"

[[tools.node]]
version = "24.18.0"
backend = "core:node"

[tools.node."platforms.linux-arm64"]
checksum = "sha256:6b4484c2190274175df9aa8f28e2d758a819cb1c1fe6ab481e2f95b463ab8508"
url = "https://nodejs.org/dist/v24.18.0/node-v24.18.0-linux-arm64.tar.gz"

[tools.node."platforms.linux-arm64-musl"]
checksum = "sha256:b1c6c2dc31b46dd8fb2322f4fe75b07e775c5120bc37251deeea28f529d4567b"
url = "https://unofficial-builds.nodejs.org/download/release/v24.18.0/node-v24.18.0-linux-arm64-musl.tar.gz"

[tools.node."platforms.linux-x64"]
checksum = "sha256:783130984963db7ba9cbd01089eaf2c2efb055c7c1693c943174b967b3050cb8"
url = "https://nodejs.org/dist/v24.18.0/node-v24.18.0-linux-x64.tar.gz"

[tools.node."platforms.linux-x64-musl"]
checksum = "sha256:ea58409911e141ec6b19d9178efa2d9185a13295005b1cbf5521b3157eed1d95"
url = "https://unofficial-builds.nodejs.org/download/release/v24.18.0/node-v24.18.0-linux-x64-musl.tar.gz"

[tools.node."platforms.macos-arm64"]
checksum = "sha256:e1a97e14c99c803e96c7339403282ea05a499c32f8d83defe9ef5ec66f979ed1"
url = "https://nodejs.org/dist/v24.18.0/node-v24.18.0-darwin-arm64.tar.gz"

[tools.node."platforms.macos-x64"]
checksum = "sha256:dfd0dbd3e721503434df7b7205e719f61b3a3a31b2bcf9729b8b91fea240f080"
url = "https://nodejs.org/dist/v24.18.0/node-v24.18.0-darwin-x64.tar.gz"

[tools.node."platforms.windows-x64"]
checksum = "sha256:0ae68406b42d7725661da979b1403ec9926da205c6770827f33aac9d8f26e821"
url = "https://nodejs.org/dist/v24.18.0/node-v24.18.0-win-x64.zip"

[[tools.pnpm]]
version = "11.9.0"
backend = "aqua:pnpm/pnpm"

[tools.pnpm."platforms.linux-arm64"]
checksum = "sha256:7981d0109fffdf8f15b838243240c8c9f9114dd4b7111d4227c1453522d75b61"
url = "https://github.com/pnpm/pnpm/releases/download/v11.9.0/pnpm-linux-arm64.tar.gz"
provenance = "github-attestations"

[tools.pnpm."platforms.linux-arm64-musl"]
checksum = "sha256:3622d3010d6af601190e7b63994fb0fe297e805699145aec949f4879f2672fb5"
url = "https://github.com/pnpm/pnpm/releases/download/v11.9.0/pnpm-linux-arm64-musl.tar.gz"
provenance = "github-attestations"

[tools.pnpm."platforms.linux-x64"]
checksum = "sha256:8d987d82585453bcf260ea5d0bae346d298f1a5e71bcde8d99976521408ad895"
url = "https://github.com/pnpm/pnpm/releases/download/v11.9.0/pnpm-linux-x64.tar.gz"
provenance = "github-attestations"

[tools.pnpm."platforms.linux-x64-musl"]
checksum = "sha256:655fcf2609e3145cfd7c2f05113429523706d0a618f2957eaa6c3562f6a5998b"
url = "https://github.com/pnpm/pnpm/releases/download/v11.9.0/pnpm-linux-x64-musl.tar.gz"
provenance = "github-attestations"

[tools.pnpm."platforms.macos-arm64"]
checksum = "sha256:ca6f98a8911ec975509464026205e2b54aed74cecd36c5ae9932e5997bd7de2a"
url = "https://github.com/pnpm/pnpm/releases/download/v11.9.0/pnpm-darwin-arm64.tar.gz"
provenance = "github-attestations"

[tools.pnpm."platforms.windows-x64"]
checksum = "sha256:82c130717a59f237c49e8eaa8a7ed75c1d8d351a5b6dedeee3196b8e1b597c6e"
url = "https://github.com/pnpm/pnpm/releases/download/v11.9.0/pnpm-win32-x64.zip"
provenance = "github-attestations"

[[tools.python]]
version = "3.14.5"
backend = "core:python"

[tools.python."platforms.linux-arm64"]
checksum = "sha256:1d3ea1b3cd9b8f3d53afb629e82e9bc8f6dab6cbb1a7d23524bd86ba5bc22570"
url = "https://github.com/astral-sh/python-build-standalone/releases/download/20260602/cpython-3.14.5+20260602-aarch64-unknown-linux-gnu-install_only_stripped.tar.gz"
provenance = "github-attestations"

[tools.python."platforms.linux-arm64-musl"]
checksum = "sha256:23dfd69917f1c693b7ce857f014a72da546c8132c277bb6ac98fdbe12334e221"
url = "https://github.com/astral-sh/python-build-standalone/releases/download/20260602/cpython-3.14.5+20260602-aarch64-unknown-linux-musl-install_only_stripped.tar.gz"
provenance = "github-attestations"

[tools.python."platforms.linux-x64"]
checksum = "sha256:982a60fc7f11bbe405ab54afcd4eb145f1134797bbbffac9f5c49df4ec98b13e"
url = "https://github.com/astral-sh/python-build-standalone/releases/download/20260602/cpython-3.14.5+20260602-x86_64-unknown-linux-gnu-install_only_stripped.tar.gz"
provenance = "github-attestations"

[tools.python."platforms.linux-x64-musl"]
checksum = "sha256:09fb97b20df0ed9336d39468007619b3458489c33fa4166b43155587b382f84a"
url = "https://github.com/astral-sh/python-build-standalone/releases/download/20260602/cpython-3.14.5+20260602-x86_64-unknown-linux-musl-install_only_stripped.tar.gz"
provenance = "github-attestations"

[tools.python."platforms.macos-arm64"]
checksum = "sha256:3a0373cc39fefd494754ef555267f245c720cddbaaabf63a7c9a4269f1e56532"
url = "https://github.com/astral-sh/python-build-standalone/releases/download/20260602/cpython-3.14.5+20260602-aarch64-apple-darwin-install_only_stripped.tar.gz"
provenance = "github-attestations"

[tools.python."platforms.macos-x64"]
checksum = "sha256:d44ff6ec301cabc91eb0c756b1948b28579fb07feba36aaf1990e535649d5ea6"
url = "https://github.com/astral-sh/python-build-standalone/releases/download/20260602/cpython-3.14.5+20260602-x86_64-apple-darwin-install_only_stripped.tar.gz"
provenance = "github-attestations"

[tools.python."platforms.windows-x64"]
checksum = "sha256:66b065143e538c07f069f764d831d8ffae95507907d4ca211304e6f3a056435c"
url = "https://github.com/astral-sh/python-build-standalone/releases/download/20260602/cpython-3.14.5+20260602-x86_64-pc-windows-msvc-install_only_stripped.tar.gz"
provenance = "github-attestations"

[[tools.rust]]
version = "1.96.0"
backend = "core:rust"

[tools.rust.options]
components = "clippy,llvm-tools-preview,rustfmt"
profile = "minimal"
targets = "wasm32-unknown-unknown"
